{
  "originHash" : "d31671b565e3720c4ed944605fe35fe3576cbad2a764d57f15081d6f528b1826",
  "pins" : [
    {
      "identity" : "feedkit",
      "kind" : "remoteSourceControl",
      "location" : "https://github.com/nmdias/FeedKit.git",
      "state" : {
        "revision" : "68493a33d862c33c9a9f67ec729b3b7df1b20ade",
        "version" : "9.1.2"
      }
    }
  ],
  "version" : 3
}
